{
  "name": "event-session-signup",
  "version": "1.0.0",
  "lockfileVersion": 1,
  "requires": true,
  "dependencies": {
    "clasp": {
      "version": "1.0.0",
      "resolved": "https://registry.npmjs.org/clasp/-/clasp-1.0.0.tgz",
      "integrity": "sha512-JkgxdZvYBtqIlGPvC5oRZ548eHpfx+81z5GXckpXcMkRTZDddkQfwK60w1YE32n8ovGoSW88pbsIvCPOKM6hyA=="
    }
  }
}
